
Microsoft Visual Studio Solution File, Format Version 12.00
# Visual Studio Version 16
VisualStudioVersion = 16.0.30320.27
MinimumVisualStudioVersion = 10.0.40219.1
Project("{9A19103F-16F7-4668-BE54-9A1E7A4F7556}") = "Inventory.Common", "Inventory.Common\Inventory.Common.csproj", "{4B1DA1DB-ED85-44E1-B0E6-2190C3C2A615}"
EndProject
Project("{FAE04EC0-301F-11D3-BF4B-00C04F79EFBC}") = "Inventory.ConsoleTesting", "Inventory.ConsoleTesting\Inventory.ConsoleTesting.csproj", "{6C1B90CD-703B-4BDB-9B11-39A98C5FC8F4}"
EndProject
Project("{2150E333-8FDC-42A3-9474-1A3956D46DE8}") = "Main", "Main", "{9F1789FC-8AE6-4E2C-9486-7130E4FC80ED}"
EndProject
Project("{2150E333-8FDC-42A3-9474-1A3956D46DE8}") = "Common", "Common", "{DAFA25DF-B3B8-4B02-9614-E96ACAB5BA83}"
EndProject
Project("{2150E333-8FDC-42A3-9474-1A3956D46DE8}") = "Products_Sales", "Products_Sales", "{889F4F14-ADB0-4A34-86B0-2768C8258894}"
EndProject
Project("{2150E333-8FDC-42A3-9474-1A3956D46DE8}") = "Main", "Main", "{D81E44C1-A1F1-493B-8A8F-6A58F14281DE}"
EndProject
Project("{2150E333-8FDC-42A3-9474-1A3956D46DE8}") = "Modules", "Modules", "{9DC69C0A-B92A-4489-9A39-A0F239AE515E}"
EndProject
Project("{9A19103F-16F7-4668-BE54-9A1E7A4F7556}") = "Inventory.ApplicationMain", "Inventory.ApplicationMain\Inventory.ApplicationMain.csproj", "{05CAE72D-333A-4998-8C3E-5A7D5BDEBA49}"
EndProject
Project("{9A19103F-16F7-4668-BE54-9A1E7A4F7556}") = "Inventory.ProductSalesMain", "Inventory.ProductSalesMain\Inventory.ProductSalesMain.csproj", "{118D09A0-5786-4432-913F-390BBFF1DA1A}"
EndProject
Project("{9A19103F-16F7-4668-BE54-9A1E7A4F7556}") = "Inventory.LocationManagement", "Inventory.LocationManagement\Inventory.LocationManagement.csproj", "{2B137729-3494-4270-A655-B9583F1F0840}"
EndProject
Project("{2150E333-8FDC-42A3-9474-1A3956D46DE8}") = "ModuleCommon", "ModuleCommon", "{AB5246B5-CE0A-4CC9-9C0A-E0CA5FD1BEFA}"
EndProject
Project("{9A19103F-16F7-4668-BE54-9A1E7A4F7556}") = "Inventory.UserManagment", "Inventory.UserManagment\Inventory.UserManagment.csproj", "{2E36921B-76DF-4871-AACC-B2A228155001}"
EndProject
Project("{9A19103F-16F7-4668-BE54-9A1E7A4F7556}") = "Inventory.CategoriesManagment", "Inventory.CategoriesManagment\Inventory.CategoriesManagment.csproj", "{29C5C0FC-37E5-4257-B76F-9F57114F5264}"
EndProject
Project("{9A19103F-16F7-4668-BE54-9A1E7A4F7556}") = "Inventory.DistributorsManagment", "Inventory.DistributorsManagment\Inventory.DistributorsManagment.csproj", "{34509F89-DE98-4827-B7F4-3A3B27A867E2}"
EndProject
Project("{9A19103F-16F7-4668-BE54-9A1E7A4F7556}") = "Inventory.ManufacturersManagment", "Inventory.ManufacturersManagment\Inventory.ManufacturersManagment.csproj", "{8A15E98F-B98A-4CAC-85AE-551DCD3C0F95}"
EndProject
Project("{9A19103F-16F7-4668-BE54-9A1E7A4F7556}") = "Inventory.ProductsManagment", "Inventory.ProductsManagment\Inventory.ProductsManagment.csproj", "{DD879554-9914-4DCE-9E6D-BBFFBEFCAFB3}"
EndProject
Project("{9A19103F-16F7-4668-BE54-9A1E7A4F7556}") = "Inventory.CostManagment", "Inventory.CostManagment\Inventory.CostManagment.csproj", "{879F7F7D-21F3-441E-9CC8-FFB42A3E0160}"
EndProject
Project("{9A19103F-16F7-4668-BE54-9A1E7A4F7556}") = "Inventory.UsersManagment", "Inventory.UsersManagment\Inventory.UsersManagment.csproj", "{B0EB9B00-9A54-4F95-B642-B635D108BF05}"
EndProject
Project("{9A19103F-16F7-4668-BE54-9A1E7A4F7556}") = "Inventory.Reporting", "Inventory.Reporting\Inventory.Reporting.csproj", "{2C373920-EC37-4FF8-AB71-821E2910633E}"
EndProject
Global
	GlobalSection(SolutionConfigurationPlatforms) = preSolution
		Debug|Any CPU = Debug|Any CPU
		Release|Any CPU = Release|Any CPU
	EndGlobalSection
	GlobalSection(ProjectConfigurationPlatforms) = postSolution
		{4B1DA1DB-ED85-44E1-B0E6-2190C3C2A615}.Debug|Any CPU.ActiveCfg = Debug|Any CPU
		{4B1DA1DB-ED85-44E1-B0E6-2190C3C2A615}.Debug|Any CPU.Build.0 = Debug|Any CPU
		{4B1DA1DB-ED85-44E1-B0E6-2190C3C2A615}.Release|Any CPU.ActiveCfg = Release|Any CPU
		{4B1DA1DB-ED85-44E1-B0E6-2190C3C2A615}.Release|Any CPU.Build.0 = Release|Any CPU
		{6C1B90CD-703B-4BDB-9B11-39A98C5FC8F4}.Debug|Any CPU.ActiveCfg = Debug|Any CPU
		{6C1B90CD-703B-4BDB-9B11-39A98C5FC8F4}.Debug|Any CPU.Build.0 = Debug|Any CPU
		{6C1B90CD-703B-4BDB-9B11-39A98C5FC8F4}.Release|Any CPU.ActiveCfg = Release|Any CPU
		{6C1B90CD-703B-4BDB-9B11-39A98C5FC8F4}.Release|Any CPU.Build.0 = Release|Any CPU
		{05CAE72D-333A-4998-8C3E-5A7D5BDEBA49}.Debug|Any CPU.ActiveCfg = Debug|Any CPU
		{05CAE72D-333A-4998-8C3E-5A7D5BDEBA49}.Debug|Any CPU.Build.0 = Debug|Any CPU
		{05CAE72D-333A-4998-8C3E-5A7D5BDEBA49}.Release|Any CPU.ActiveCfg = Release|Any CPU
		{05CAE72D-333A-4998-8C3E-5A7D5BDEBA49}.Release|Any CPU.Build.0 = Release|Any CPU
		{118D09A0-5786-4432-913F-390BBFF1DA1A}.Debug|Any CPU.ActiveCfg = Debug|Any CPU
		{118D09A0-5786-4432-913F-390BBFF1DA1A}.Debug|Any CPU.Build.0 = Debug|Any CPU
		{118D09A0-5786-4432-913F-390BBFF1DA1A}.Release|Any CPU.ActiveCfg = Release|Any CPU
		{118D09A0-5786-4432-913F-390BBFF1DA1A}.Release|Any CPU.Build.0 = Release|Any CPU
		{2B137729-3494-4270-A655-B9583F1F0840}.Debug|Any CPU.ActiveCfg = Debug|Any CPU
		{2B137729-3494-4270-A655-B9583F1F0840}.Debug|Any CPU.Build.0 = Debug|Any CPU
		{2B137729-3494-4270-A655-B9583F1F0840}.Release|Any CPU.ActiveCfg = Release|Any CPU
		{2B137729-3494-4270-A655-B9583F1F0840}.Release|Any CPU.Build.0 = Release|Any CPU
		{2E36921B-76DF-4871-AACC-B2A228155001}.Debug|Any CPU.ActiveCfg = Debug|Any CPU
		{2E36921B-76DF-4871-AACC-B2A228155001}.Debug|Any CPU.Build.0 = Debug|Any CPU
		{2E36921B-76DF-4871-AACC-B2A228155001}.Release|Any CPU.ActiveCfg = Release|Any CPU
		{2E36921B-76DF-4871-AACC-B2A228155001}.Release|Any CPU.Build.0 = Release|Any CPU
		{29C5C0FC-37E5-4257-B76F-9F57114F5264}.Debug|Any CPU.ActiveCfg = Debug|Any CPU
		{29C5C0FC-37E5-4257-B76F-9F57114F5264}.Debug|Any CPU.Build.0 = Debug|Any CPU
		{29C5C0FC-37E5-4257-B76F-9F57114F5264}.Release|Any CPU.ActiveCfg = Release|Any CPU
		{29C5C0FC-37E5-4257-B76F-9F57114F5264}.Release|Any CPU.Build.0 = Release|Any CPU
		{34509F89-DE98-4827-B7F4-3A3B27A867E2}.Debug|Any CPU.ActiveCfg = Debug|Any CPU
		{34509F89-DE98-4827-B7F4-3A3B27A867E2}.Debug|Any CPU.Build.0 = Debug|Any CPU
		{34509F89-DE98-4827-B7F4-3A3B27A867E2}.Release|Any CPU.ActiveCfg = Release|Any CPU
		{34509F89-DE98-4827-B7F4-3A3B27A867E2}.Release|Any CPU.Build.0 = Release|Any CPU
		{8A15E98F-B98A-4CAC-85AE-551DCD3C0F95}.Debug|Any CPU.ActiveCfg = Debug|Any CPU
		{8A15E98F-B98A-4CAC-85AE-551DCD3C0F95}.Debug|Any CPU.Build.0 = Debug|Any CPU
		{8A15E98F-B98A-4CAC-85AE-551DCD3C0F95}.Release|Any CPU.ActiveCfg = Release|Any CPU
		{8A15E98F-B98A-4CAC-85AE-551DCD3C0F95}.Release|Any CPU.Build.0 = Release|Any CPU
		{DD879554-9914-4DCE-9E6D-BBFFBEFCAFB3}.Debug|Any CPU.ActiveCfg = Debug|Any CPU
		{DD879554-9914-4DCE-9E6D-BBFFBEFCAFB3}.Debug|Any CPU.Build.0 = Debug|Any CPU
		{DD879554-9914-4DCE-9E6D-BBFFBEFCAFB3}.Release|Any CPU.ActiveCfg = Release|Any CPU
		{DD879554-9914-4DCE-9E6D-BBFFBEFCAFB3}.Release|Any CPU.Build.0 = Release|Any CPU
		{879F7F7D-21F3-441E-9CC8-FFB42A3E0160}.Debug|Any CPU.ActiveCfg = Debug|Any CPU
		{879F7F7D-21F3-441E-9CC8-FFB42A3E0160}.Debug|Any CPU.Build.0 = Debug|Any CPU
		{879F7F7D-21F3-441E-9CC8-FFB42A3E0160}.Release|Any CPU.ActiveCfg = Release|Any CPU
		{879F7F7D-21F3-441E-9CC8-FFB42A3E0160}.Release|Any CPU.Build.0 = Release|Any CPU
		{B0EB9B00-9A54-4F95-B642-B635D108BF05}.Debug|Any CPU.ActiveCfg = Debug|Any CPU
		{B0EB9B00-9A54-4F95-B642-B635D108BF05}.Debug|Any CPU.Build.0 = Debug|Any CPU
		{B0EB9B00-9A54-4F95-B642-B635D108BF05}.Release|Any CPU.ActiveCfg = Release|Any CPU
		{B0EB9B00-9A54-4F95-B642-B635D108BF05}.Release|Any CPU.Build.0 = Release|Any CPU
		{2C373920-EC37-4FF8-AB71-821E2910633E}.Debug|Any CPU.ActiveCfg = Debug|Any CPU
		{2C373920-EC37-4FF8-AB71-821E2910633E}.Debug|Any CPU.Build.0 = Debug|Any CPU
		{2C373920-EC37-4FF8-AB71-821E2910633E}.Release|Any CPU.ActiveCfg = Release|Any CPU
		{2C373920-EC37-4FF8-AB71-821E2910633E}.Release|Any CPU.Build.0 = Release|Any CPU
	EndGlobalSection
	GlobalSection(SolutionProperties) = preSolution
		HideSolutionNode = FALSE
	EndGlobalSection
	GlobalSection(NestedProjects) = preSolution
		{4B1DA1DB-ED85-44E1-B0E6-2190C3C2A615} = {DAFA25DF-B3B8-4B02-9614-E96ACAB5BA83}
		{6C1B90CD-703B-4BDB-9B11-39A98C5FC8F4} = {DAFA25DF-B3B8-4B02-9614-E96ACAB5BA83}
		{889F4F14-ADB0-4A34-86B0-2768C8258894} = {9F1789FC-8AE6-4E2C-9486-7130E4FC80ED}
		{D81E44C1-A1F1-493B-8A8F-6A58F14281DE} = {889F4F14-ADB0-4A34-86B0-2768C8258894}
		{9DC69C0A-B92A-4489-9A39-A0F239AE515E} = {889F4F14-ADB0-4A34-86B0-2768C8258894}
		{05CAE72D-333A-4998-8C3E-5A7D5BDEBA49} = {DAFA25DF-B3B8-4B02-9614-E96ACAB5BA83}
		{118D09A0-5786-4432-913F-390BBFF1DA1A} = {D81E44C1-A1F1-493B-8A8F-6A58F14281DE}
		{2B137729-3494-4270-A655-B9583F1F0840} = {AB5246B5-CE0A-4CC9-9C0A-E0CA5FD1BEFA}
		{AB5246B5-CE0A-4CC9-9C0A-E0CA5FD1BEFA} = {9F1789FC-8AE6-4E2C-9486-7130E4FC80ED}
		{2E36921B-76DF-4871-AACC-B2A228155001} = {AB5246B5-CE0A-4CC9-9C0A-E0CA5FD1BEFA}
		{29C5C0FC-37E5-4257-B76F-9F57114F5264} = {AB5246B5-CE0A-4CC9-9C0A-E0CA5FD1BEFA}
		{34509F89-DE98-4827-B7F4-3A3B27A867E2} = {AB5246B5-CE0A-4CC9-9C0A-E0CA5FD1BEFA}
		{8A15E98F-B98A-4CAC-85AE-551DCD3C0F95} = {AB5246B5-CE0A-4CC9-9C0A-E0CA5FD1BEFA}
		{DD879554-9914-4DCE-9E6D-BBFFBEFCAFB3} = {9DC69C0A-B92A-4489-9A39-A0F239AE515E}
		{879F7F7D-21F3-441E-9CC8-FFB42A3E0160} = {9DC69C0A-B92A-4489-9A39-A0F239AE515E}
		{B0EB9B00-9A54-4F95-B642-B635D108BF05} = {AB5246B5-CE0A-4CC9-9C0A-E0CA5FD1BEFA}
		{2C373920-EC37-4FF8-AB71-821E2910633E} = {9DC69C0A-B92A-4489-9A39-A0F239AE515E}
	EndGlobalSection
	GlobalSection(ExtensibilityGlobals) = postSolution
		SolutionGuid = {FF172152-E2A1-4CBA-8446-3E44D437EBC2}
	EndGlobalSection
EndGlobal
